
Microsoft Visual Studio Solution File, Format Version 12.00
# Visual Studio Version 17
VisualStudioVersion = 17.9.34728.123
MinimumVisualStudioVersion = 10.0.40219.1
Project("{FAE04EC0-301F-11D3-BF4B-00C04F79EFBC}") = "CoderHouse C#", "CoderHouse C#.csproj", "{D84DDEF2-8683-4D3A-BDE9-CA649A13F581}"
EndProject
Project("{FAE04EC0-301F-11D3-BF4B-00C04F79EFBC}") = "Clase #1", "..\Clase #1\Clase #1.csproj", "{A84B37BD-EC12-497D-A27D-EBFEE3C9B841}"
EndProject
Project("{FAE04EC0-301F-11D3-BF4B-00C04F79EFBC}") = "Clase #2", "..\Clase #2\Clase #2.csproj", "{1CE33496-0CA3-4562-80E1-74E49A37C74B}"
EndProject
Project("{FAE04EC0-301F-11D3-BF4B-00C04F79EFBC}") = "Clase #3", "..\Clase #3\Clase #3.csproj", "{6C0386A2-633F-44A1-AE88-C841482B95C1}"
EndProject
Global
	GlobalSection(SolutionConfigurationPlatforms) = preSolution
		Debug|Any CPU = Debug|Any CPU
		Release|Any CPU = Release|Any CPU
	EndGlobalSection
	GlobalSection(ProjectConfigurationPlatforms) = postSolution
		{D84DDEF2-8683-4D3A-BDE9-CA649A13F581}.Debug|Any CPU.ActiveCfg = Debug|Any CPU
		{D84DDEF2-8683-4D3A-BDE9-CA649A13F581}.Debug|Any CPU.Build.0 = Debug|Any CPU
		{D84DDEF2-8683-4D3A-BDE9-CA649A13F581}.Release|Any CPU.ActiveCfg = Release|Any CPU
		{D84DDEF2-8683-4D3A-BDE9-CA649A13F581}.Release|Any CPU.Build.0 = Release|Any CPU
		{A84B37BD-EC12-497D-A27D-EBFEE3C9B841}.Debug|Any CPU.ActiveCfg = Debug|Any CPU
		{A84B37BD-EC12-497D-A27D-EBFEE3C9B841}.Debug|Any CPU.Build.0 = Debug|Any CPU
		{A84B37BD-EC12-497D-A27D-EBFEE3C9B841}.Release|Any CPU.ActiveCfg = Release|Any CPU
		{A84B37BD-EC12-497D-A27D-EBFEE3C9B841}.Release|Any CPU.Build.0 = Release|Any CPU
		{1CE33496-0CA3-4562-80E1-74E49A37C74B}.Debug|Any CPU.ActiveCfg = Debug|Any CPU
		{1CE33496-0CA3-4562-80E1-74E49A37C74B}.Debug|Any CPU.Build.0 = Debug|Any CPU
		{1CE33496-0CA3-4562-80E1-74E49A37C74B}.Release|Any CPU.ActiveCfg = Release|Any CPU
		{1CE33496-0CA3-4562-80E1-74E49A37C74B}.Release|Any CPU.Build.0 = Release|Any CPU
		{6C0386A2-633F-44A1-AE88-C841482B95C1}.Debug|Any CPU.ActiveCfg = Debug|Any CPU
		{6C0386A2-633F-44A1-AE88-C841482B95C1}.Debug|Any CPU.Build.0 = Debug|Any CPU
		{6C0386A2-633F-44A1-AE88-C841482B95C1}.Release|Any CPU.ActiveCfg = Release|Any CPU
		{6C0386A2-633F-44A1-AE88-C841482B95C1}.Release|Any CPU.Build.0 = Release|Any CPU
	EndGlobalSection
	GlobalSection(SolutionProperties) = preSolution
		HideSolutionNode = FALSE
	EndGlobalSection
	GlobalSection(ExtensibilityGlobals) = postSolution
		SolutionGuid = {95B62B91-3029-43DA-B9E9-D4D85B18BCD9}
	EndGlobalSection
EndGlobal
