
Microsoft Visual Studio Solution File, Format Version 12.00
# Visual Studio Version 17
VisualStudioVersion = 17.9.34728.123
MinimumVisualStudioVersion = 10.0.40219.1
Project("{FAE04EC0-301F-11D3-BF4B-00C04F79EFBC}") = "MainProgram", "MainProgram.csproj", "{BCB2CB20-70FF-42AB-9E78-A4529D0657A8}"
EndProject
Global
	GlobalSection(SolutionConfigurationPlatforms) = preSolution
		Debug|Any CPU = Debug|Any CPU
		Release|Any CPU = Release|Any CPU
	EndGlobalSection
	GlobalSection(ProjectConfigurationPlatforms) = postSolution
		{BCB2CB20-70FF-42AB-9E78-A4529D0657A8}.Debug|Any CPU.ActiveCfg = Debug|Any CPU
		{BCB2CB20-70FF-42AB-9E78-A4529D0657A8}.Debug|Any CPU.Build.0 = Debug|Any CPU
		{BCB2CB20-70FF-42AB-9E78-A4529D0657A8}.Release|Any CPU.ActiveCfg = Release|Any CPU
		{BCB2CB20-70FF-42AB-9E78-A4529D0657A8}.Release|Any CPU.Build.0 = Release|Any CPU
	EndGlobalSection
	GlobalSection(SolutionProperties) = preSolution
		HideSolutionNode = FALSE
	EndGlobalSection
	GlobalSection(ExtensibilityGlobals) = postSolution
		SolutionGuid = {7DEA9F72-E681-45B3-8BAE-E4F0BB8CC919}
	EndGlobalSection
EndGlobal
